
Microsoft Visual Studio Solution File, Format Version 11.00
# Visual Studio 2010
Project("{FAE04EC0-301F-11D3-BF4B-00C04F79EFBC}") = "DQ-1", "Assembly-CSharp.csproj", "{3977F2C7-F1FD-7D9B-5E1C-0C5256B1E9C4}"
EndProject
Global
	GlobalSection(SolutionConfigurationPlatforms) = preSolution
		Debug|Any CPU = Debug|Any CPU
		Release|Any CPU = Release|Any CPU
	EndGlobalSection
	GlobalSection(ProjectConfigurationPlatforms) = postSolution
		{3977F2C7-F1FD-7D9B-5E1C-0C5256B1E9C4}.Debug|Any CPU.ActiveCfg = Debug|Any CPU
		{3977F2C7-F1FD-7D9B-5E1C-0C5256B1E9C4}.Debug|Any CPU.Build.0 = Debug|Any CPU
		{3977F2C7-F1FD-7D9B-5E1C-0C5256B1E9C4}.Release|Any CPU.ActiveCfg = Release|Any CPU
		{3977F2C7-F1FD-7D9B-5E1C-0C5256B1E9C4}.Release|Any CPU.Build.0 = Release|Any CPU
	EndGlobalSection
	GlobalSection(SolutionProperties) = preSolution
		HideSolutionNode = FALSE
	EndGlobalSection
	GlobalSection(MonoDevelopProperties) = preSolution
		StartupItem = Assembly-CSharp.csproj
	EndGlobalSection
EndGlobal
